<?xml version="1.0" encoding="utf-8"?>
<Project ToolsVersion="4.0" xmlns="http://schemas.microsoft.com/developer/msbuild/2003">
  <ItemGroup>
    <Filter Include="Исходные файлы">
      <UniqueIdentifier>{4FC737F1-C7A5-4376-A066-2A32D752A2FF}</UniqueIdentifier>
      <Extensions>cpp;c;cc;cxx;c++;cppm;ixx;def;odl;idl;hpj;bat;asm;asmx</Extensions>
    </Filter>
    <Filter Include="Файлы заголовков">
      <UniqueIdentifier>{93995380-89BD-4b04-88EB-625FBE52EBFB}</UniqueIdentifier>
      <Extensions>h;hh;hpp;hxx;h++;hm;inl;inc;ipp;xsd</Extensions>
    </Filter>
    <Filter Include="Файлы ресурсов">
      <UniqueIdentifier>{67DA6AB6-F800-4c08-8B7A-83BB121AAD01}</UniqueIdentifier>
      <Extensions>rc;ico;cur;bmp;dlg;rc2;rct;bin;rgs;gif;jpg;jpeg;jpe;resx;tiff;tif;png;wav;mfcribbon-ms</Extensions>
    </Filter>
    <Filter Include="Файлы заголовков\Engine">
      <UniqueIdentifier>{be5d7dc2-5ea1-4a5a-8776-6f11433b8585}</UniqueIdentifier>
    </Filter>
    <Filter Include="Файлы заголовков\Engine\Components">
      <UniqueIdentifier>{044a56bc-dd6a-4b3b-935e-9910a86f805d}</UniqueIdentifier>
    </Filter>
    <Filter Include="Файлы заголовков\Engine\Shaders">
      <UniqueIdentifier>{8924c724-5111-41ee-8ba7-73a9e9929d71}</UniqueIdentifier>
    </Filter>
    <Filter Include="Файлы заголовков\Engine\Components\Collisions">
      <UniqueIdentifier>{e6284bb0-fa3b-4820-aa1e-b28bb5f1a1ad}</UniqueIdentifier>
    </Filter>
    <Filter Include="Файлы заголовков\Engine\Components\Physics">
      <UniqueIdentifier>{76ee7888-cedd-460e-8072-08d9bae101fc}</UniqueIdentifier>
    </Filter>
    <Filter Include="Файлы заголовков\Engine\Components\Objects">
      <UniqueIdentifier>{e4040d79-316b-4a20-96c6-c36ba0fc5eff}</UniqueIdentifier>
    </Filter>
    <Filter Include="Файлы заголовков\Engine\Shaders\Light">
      <UniqueIdentifier>{80df148d-dc96-491e-afaa-a76b067d8cf1}</UniqueIdentifier>
    </Filter>
    <Filter Include="Файлы заголовков\Engine\Shaders\NoizeGen">
      <UniqueIdentifier>{7d96e63f-0ad1-4dba-871d-6c9ea324db62}</UniqueIdentifier>
    </Filter>
    <Filter Include="Файлы заголовков\Engine\Shaders\NormalMap">
      <UniqueIdentifier>{0798fcc5-b23f-4b43-9599-e18aa0f98eeb}</UniqueIdentifier>
    </Filter>
    <Filter Include="Файлы заголовков\Engine\Shaders\Round">
      <UniqueIdentifier>{56ad081c-c345-47f7-a037-07d20f3e014b}</UniqueIdentifier>
    </Filter>
    <Filter Include="Файлы заголовков\Engine\Shaders\TexturedTriangle">
      <UniqueIdentifier>{f18898df-760b-4a61-9ff8-a33778713ccb}</UniqueIdentifier>
    </Filter>
    <Filter Include="Файлы заголовков\Engine\Libraries">
      <UniqueIdentifier>{e39a633e-07cf-43c1-8305-fd8f2dcd3ec5}</UniqueIdentifier>
    </Filter>
    <Filter Include="Файлы заголовков\Engine\Libraries\Include">
      <UniqueIdentifier>{cf93053d-cfcf-4170-98d6-9e2cf65fbd95}</UniqueIdentifier>
    </Filter>
    <Filter Include="Файлы заголовков\Engine\Libraries\Include\ImGui">
      <UniqueIdentifier>{8fd72b1b-ab93-42fd-82b8-2b59d6e5cc34}</UniqueIdentifier>
    </Filter>
    <Filter Include="Файлы заголовков\Player">
      <UniqueIdentifier>{5e41d4eb-47aa-4a55-9345-9520c6bfb182}</UniqueIdentifier>
    </Filter>
    <Filter Include="Файлы заголовков\Engine\Libraries\Include\AL">
      <UniqueIdentifier>{96265173-8e3e-469e-8666-b706392a2a24}</UniqueIdentifier>
    </Filter>
    <Filter Include="Файлы заголовков\Projectiles">
      <UniqueIdentifier>{0e98391f-0011-48ea-b252-2a45465b9b3b}</UniqueIdentifier>
    </Filter>
  </ItemGroup>
  <ItemGroup>
    <ClCompile Include="Source.cpp">
      <Filter>Исходные файлы</Filter>
    </ClCompile>
    <ClCompile Include="engine\Libraries\include\imgui\imgui.cpp">
      <Filter>Файлы заголовков\Engine\Libraries\Include\ImGui</Filter>
    </ClCompile>
    <ClCompile Include="engine\Libraries\include\imgui\imgui_demo.cpp">
      <Filter>Файлы заголовков\Engine\Libraries\Include\ImGui</Filter>
    </ClCompile>
    <ClCompile Include="engine\Libraries\include\imgui\imgui_draw.cpp">
      <Filter>Файлы заголовков\Engine\Libraries\Include\ImGui</Filter>
    </ClCompile>
    <ClCompile Include="engine\Libraries\include\imgui\imgui_impl_glfw.cpp">
      <Filter>Файлы заголовков\Engine\Libraries\Include\ImGui</Filter>
    </ClCompile>
    <ClCompile Include="engine\Libraries\include\imgui\imgui_impl_opengl3.cpp">
      <Filter>Файлы заголовков\Engine\Libraries\Include\ImGui</Filter>
    </ClCompile>
    <ClCompile Include="engine\Libraries\include\imgui\imgui_tables.cpp">
      <Filter>Файлы заголовков\Engine\Libraries\Include\ImGui</Filter>
    </ClCompile>
    <ClCompile Include="engine\Libraries\include\imgui\imgui_widgets.cpp">
      <Filter>Файлы заголовков\Engine\Libraries\Include\ImGui</Filter>
    </ClCompile>
    <ClCompile Include="engine\Libraries\include\AL\alhelpers.c">
      <Filter>Файлы заголовков\Engine\Libraries\Include\AL</Filter>
    </ClCompile>
  </ItemGroup>
  <ItemGroup>
    <ClInclude Include="engine\Components\Classes.h">
      <Filter>Файлы заголовков\Engine\Components</Filter>
    </ClInclude>
    <ClInclude Include="engine\Components\Drawing.h">
      <Filter>Файлы заголовков\Engine\Components</Filter>
    </ClInclude>
    <ClInclude Include="engine\Components\Engine.h">
      <Filter>Файлы заголовков\Engine\Components</Filter>
    </ClInclude>
    <ClInclude Include="engine\Components\Mathematics.h">
      <Filter>Файлы заголовков\Engine\Components</Filter>
    </ClInclude>
    <ClInclude Include="engine\Components\Shader.h">
      <Filter>Файлы заголовков\Engine\Components</Filter>
    </ClInclude>
    <ClInclude Include="engine\Components\Text.h">
      <Filter>Файлы заголовков\Engine\Components</Filter>
    </ClInclude>
    <ClInclude Include="engine\Components\Physics\Spring.h">
      <Filter>Файлы заголовков\Engine\Components\Physics</Filter>
    </ClInclude>
    <ClInclude Include="engine\Components\Physics\Strut.h">
      <Filter>Файлы заголовков\Engine\Components\Physics</Filter>
    </ClInclude>
    <ClInclude Include="engine\Components\Objects\Box.h">
      <Filter>Файлы заголовков\Engine\Components\Objects</Filter>
    </ClInclude>
    <ClInclude Include="engine\Components\Objects\Line.h">
      <Filter>Файлы заголовков\Engine\Components\Objects</Filter>
    </ClInclude>
    <ClInclude Include="engine\Components\Objects\Particle.h">
      <Filter>Файлы заголовков\Engine\Components\Objects</Filter>
    </ClInclude>
    <ClInclude Include="engine\Components\Objects\Polygon.h">
      <Filter>Файлы заголовков\Engine\Components\Objects</Filter>
    </ClInclude>
    <ClInclude Include="engine\Components\Objects\Quad.h">
      <Filter>Файлы заголовков\Engine\Components\Objects</Filter>
    </ClInclude>
    <ClInclude Include="engine\Components\Objects\Scene.h">
      <Filter>Файлы заголовков\Engine\Components\Objects</Filter>
    </ClInclude>
    <ClInclude Include="engine\Components\Objects\SoftBody.h">
      <Filter>Файлы заголовков\Engine\Components\Objects</Filter>
    </ClInclude>
    <ClInclude Include="engine\Components\Objects\VerletObject.h">
      <Filter>Файлы заголовков\Engine\Components\Objects</Filter>
    </ClInclude>
    <ClInclude Include="engine\Components\Collisions\Ball to Polygon.h">
      <Filter>Файлы заголовков\Engine\Components\Collisions</Filter>
    </ClInclude>
    <ClInclude Include="engine\Components\Collisions\BallToBall.h">
      <Filter>Файлы заголовков\Engine\Components\Collisions</Filter>
    </ClInclude>
    <ClInclude Include="engine\Components\Collisions\BallToLine.h">
      <Filter>Файлы заголовков\Engine\Components\Collisions</Filter>
    </ClInclude>
    <ClInclude Include="engine\Components\Collisions\BoxtoBox.h">
      <Filter>Файлы заголовков\Engine\Components\Collisions</Filter>
    </ClInclude>
    <ClInclude Include="engine\Components\Collisions\CircleToQuad.h">
      <Filter>Файлы заголовков\Engine\Components\Collisions</Filter>
    </ClInclude>
    <ClInclude Include="engine\Components\Collisions\QuadToQuad.h">
      <Filter>Файлы заголовков\Engine\Components\Collisions</Filter>
    </ClInclude>
    <ClInclude Include="engine\Libraries\include\imgui\imconfig.h">
      <Filter>Файлы заголовков\Engine\Libraries\Include\ImGui</Filter>
    </ClInclude>
    <ClInclude Include="engine\Libraries\include\imgui\imgui.h">
      <Filter>Файлы заголовков\Engine\Libraries\Include\ImGui</Filter>
    </ClInclude>
    <ClInclude Include="engine\Libraries\include\imgui\imgui_impl_glfw.h">
      <Filter>Файлы заголовков\Engine\Libraries\Include\ImGui</Filter>
    </ClInclude>
    <ClInclude Include="engine\Libraries\include\imgui\imgui_impl_opengl3.h">
      <Filter>Файлы заголовков\Engine\Libraries\Include\ImGui</Filter>
    </ClInclude>
    <ClInclude Include="engine\Libraries\include\imgui\imgui_impl_opengl3_loader.h">
      <Filter>Файлы заголовков\Engine\Libraries\Include\ImGui</Filter>
    </ClInclude>
    <ClInclude Include="engine\Libraries\include\imgui\imgui_internal.h">
      <Filter>Файлы заголовков\Engine\Libraries\Include\ImGui</Filter>
    </ClInclude>
    <ClInclude Include="engine\Libraries\include\imgui\imstb_rectpack.h">
      <Filter>Файлы заголовков\Engine\Libraries\Include\ImGui</Filter>
    </ClInclude>
    <ClInclude Include="engine\Libraries\include\imgui\imstb_textedit.h">
      <Filter>Файлы заголовков\Engine\Libraries\Include\ImGui</Filter>
    </ClInclude>
    <ClInclude Include="engine\Libraries\include\imgui\imstb_truetype.h">
      <Filter>Файлы заголовков\Engine\Libraries\Include\ImGui</Filter>
    </ClInclude>
    <ClInclude Include="engine\Libraries\include\AL\al.h">
      <Filter>Файлы заголовков\Engine\Libraries\Include\AL</Filter>
    </ClInclude>
    <ClInclude Include="engine\Libraries\include\AL\alc.h">
      <Filter>Файлы заголовков\Engine\Libraries\Include\AL</Filter>
    </ClInclude>
    <ClInclude Include="engine\Libraries\include\AL\alext.h">
      <Filter>Файлы заголовков\Engine\Libraries\Include\AL</Filter>
    </ClInclude>
    <ClInclude Include="engine\Libraries\include\AL\alhelpers.h">
      <Filter>Файлы заголовков\Engine\Libraries\Include\AL</Filter>
    </ClInclude>
    <ClInclude Include="engine\Libraries\include\AL\efx.h">
      <Filter>Файлы заголовков\Engine\Libraries\Include\AL</Filter>
    </ClInclude>
    <ClInclude Include="engine\Libraries\include\AL\efx-creative.h">
      <Filter>Файлы заголовков\Engine\Libraries\Include\AL</Filter>
    </ClInclude>
    <ClInclude Include="engine\Libraries\include\AL\efx-presets.h">
      <Filter>Файлы заголовков\Engine\Libraries\Include\AL</Filter>
    </ClInclude>
    <ClInclude Include="Bullet.h">
      <Filter>Файлы заголовков\Projectiles</Filter>
    </ClInclude>
    <ClInclude Include="Parts.h">
      <Filter>Файлы заголовков</Filter>
    </ClInclude>
    <ClInclude Include="..\opengltry2\opengltry2\engine\Components\Objects\Ray.h">
      <Filter>Файлы заголовков\Engine\Components\Objects</Filter>
    </ClInclude>
    <ClInclude Include="..\opengltry2\opengltry2\engine\Components\Collisions\RayCastToShapes.h">
      <Filter>Файлы заголовков\Engine\Components\Collisions</Filter>
    </ClInclude>
    <ClInclude Include="Laser.h">
      <Filter>Файлы заголовков\Projectiles</Filter>
    </ClInclude>
    <ClInclude Include="Entity.h">
      <Filter>Файлы заголовков</Filter>
    </ClInclude>
    <ClInclude Include="DamageSphere.h">
      <Filter>Файлы заголовков\Projectiles</Filter>
    </ClInclude>
    <ClInclude Include="ParticleMaterials.h">
      <Filter>Файлы заголовков</Filter>
    </ClInclude>
    <ClInclude Include="..\opengltry2\opengltry2\engine\Components\Physics\Rope.h">
      <Filter>Файлы заголовков\Engine\Components\Physics</Filter>
    </ClInclude>
    <ClInclude Include="engine\Components\Include\sounds.h">
      <Filter>Файлы заголовков\Engine\Components</Filter>
    </ClInclude>
    <ClInclude Include="engine\Components\Include\LoadWAV.h">
      <Filter>Файлы заголовков\Engine\Components</Filter>
    </ClInclude>
    <ClInclude Include="Explodion.h">
      <Filter>Файлы заголовков\Projectiles</Filter>
    </ClInclude>
    <ClInclude Include="engine\Components\Include\Objects\Ball.h">
      <Filter>Файлы заголовков\Engine\Components\Objects</Filter>
    </ClInclude>
    <ClInclude Include="Rocket.h">
      <Filter>Файлы заголовков\Projectiles</Filter>
    </ClInclude>
    <ClInclude Include="engine\Components\Include\Objects\Scene.h">
      <Filter>Файлы заголовков</Filter>
    </ClInclude>
    <ClInclude Include="engine\Components\Include\UI.h">
      <Filter>Файлы заголовков\Engine\Components</Filter>
    </ClInclude>
  </ItemGroup>
  <ItemGroup>
    <None Include="engine\Shaders\TexturedTriangle\TexturedTriangle.frag">
      <Filter>Файлы заголовков\Engine\Shaders\TexturedTriangle</Filter>
    </None>
    <None Include="engine\Shaders\TexturedTriangle\TexturedTriangle.vert">
      <Filter>Файлы заголовков\Engine\Shaders\TexturedTriangle</Filter>
    </None>
    <None Include="engine\Shaders\Round\Round.frag">
      <Filter>Файлы заголовков\Engine\Shaders\Round</Filter>
    </None>
    <None Include="engine\Shaders\Round\Round.vert">
      <Filter>Файлы заголовков\Engine\Shaders\Round</Filter>
    </None>
    <None Include="engine\Shaders\NormalMap\GenNormalMap.frag">
      <Filter>Файлы заголовков\Engine\Shaders\NormalMap</Filter>
    </None>
    <None Include="engine\Shaders\NormalMap\InstancedNMDraw.vert">
      <Filter>Файлы заголовков\Engine\Shaders\NormalMap</Filter>
    </None>
    <None Include="engine\Shaders\NormalMap\NormalMapDraw.frag">
      <Filter>Файлы заголовков\Engine\Shaders\NormalMap</Filter>
    </None>
    <None Include="engine\Shaders\NoizeGen\NoizeGen.frag">
      <Filter>Файлы заголовков\Engine\Shaders\NoizeGen</Filter>
    </None>
    <None Include="engine\Shaders\NoizeGen\NoizeGen.vert">
      <Filter>Файлы заголовков\Engine\Shaders\NoizeGen</Filter>
    </None>
    <None Include="engine\Shaders\Light\GenLightSphere.frag">
      <Filter>Файлы заголовков\Engine\Shaders\Light</Filter>
    </None>
    <None Include="engine\Shaders\Light\Light.vert">
      <Filter>Файлы заголовков\Engine\Shaders\Light</Filter>
    </None>
    <None Include="engine\Shaders\Light\LightProcess.frag">
      <Filter>Файлы заголовков\Engine\Shaders\Light</Filter>
    </None>
    <None Include="engine\Shaders\Screen.frag">
      <Filter>Файлы заголовков\Engine\Shaders</Filter>
    </None>
    <None Include="engine\Shaders\Screen.vert">
      <Filter>Файлы заголовков\Engine\Shaders</Filter>
    </None>
    <None Include="engine\Shaders\Text.frag">
      <Filter>Файлы заголовков\Engine\Shaders</Filter>
    </None>
    <None Include="engine\Shaders\TexturedQuad.frag">
      <Filter>Файлы заголовков\Engine\Shaders</Filter>
    </None>
    <None Include="engine\Shaders\TexturedQuad.vert">
      <Filter>Файлы заголовков\Engine\Shaders</Filter>
    </None>
    <None Include="engine\Shaders\UpsampleBlur.frag">
      <Filter>Файлы заголовков\Engine\Shaders</Filter>
    </None>
    <None Include="engine\Shaders\AddTextures.frag">
      <Filter>Файлы заголовков\Engine\Shaders</Filter>
    </None>
    <None Include="engine\Shaders\BlendTextures.frag">
      <Filter>Файлы заголовков\Engine\Shaders</Filter>
    </None>
    <None Include="engine\Shaders\bloom.frag">
      <Filter>Файлы заголовков\Engine\Shaders</Filter>
    </None>
    <None Include="engine\Shaders\bloom.vert">
      <Filter>Файлы заголовков\Engine\Shaders</Filter>
    </None>
    <None Include="engine\Shaders\blur.frag">
      <Filter>Файлы заголовков\Engine\Shaders</Filter>
    </None>
    <None Include="engine\Shaders\blur.vert">
      <Filter>Файлы заголовков\Engine\Shaders</Filter>
    </None>
    <None Include="engine\Shaders\Chromatic.frag">
      <Filter>Файлы заголовков\Engine\Shaders</Filter>
    </None>
    <None Include="engine\Shaders\Circle.frag">
      <Filter>Файлы заголовков\Engine\Shaders</Filter>
    </None>
    <None Include="engine\Shaders\Circle.vert">
      <Filter>Файлы заголовков\Engine\Shaders</Filter>
    </None>
    <None Include="engine\Shaders\default.vert">
      <Filter>Файлы заголовков\Engine\Shaders</Filter>
    </None>
    <None Include="engine\Shaders\DownscaleBlur.frag">
      <Filter>Файлы заголовков\Engine\Shaders</Filter>
    </None>
    <None Include="engine\Shaders\Fill.frag">
      <Filter>Файлы заголовков\Engine\Shaders</Filter>
    </None>
    <None Include="engine\Shaders\Fill.vert">
      <Filter>Файлы заголовков\Engine\Shaders</Filter>
    </None>
    <None Include="engine\Shaders\instance.vert">
      <Filter>Файлы заголовков\Engine\Shaders</Filter>
    </None>
    <None Include="engine\Shaders\Quad.frag">
      <Filter>Файлы заголовков\Engine\Shaders</Filter>
    </None>
    <None Include="NormalMapDraw.vert">
      <Filter>Файлы заголовков\Engine\Shaders\NormalMap</Filter>
    </None>
  </ItemGroup>
</Project>